
Microsoft Visual Studio Solution File, Format Version 12.00
# Visual Studio 15
VisualStudioVersion = 15.0.27130.2020
MinimumVisualStudioVersion = 10.0.40219.1
Project("{9A19103F-16F7-4668-BE54-9A1E7A4F7556}") = "WebApplication2", "WebApplication2\WebApplication2.csproj", "{CF228E25-0558-45D5-A615-111C71581373}"
EndProject
Project("{9A19103F-16F7-4668-BE54-9A1E7A4F7556}") = "ClientApp", "ClientApp\ClientApp\ClientApp.csproj", "{F9EA0D47-15D2-4D6D-9836-4D00801B7490}"
EndProject
Global
	GlobalSection(SolutionConfigurationPlatforms) = preSolution
		Debug|Any CPU = Debug|Any CPU
		Release|Any CPU = Release|Any CPU
	EndGlobalSection
	GlobalSection(ProjectConfigurationPlatforms) = postSolution
		{CF228E25-0558-45D5-A615-111C71581373}.Debug|Any CPU.ActiveCfg = Debug|Any CPU
		{CF228E25-0558-45D5-A615-111C71581373}.Debug|Any CPU.Build.0 = Debug|Any CPU
		{CF228E25-0558-45D5-A615-111C71581373}.Release|Any CPU.ActiveCfg = Release|Any CPU
		{CF228E25-0558-45D5-A615-111C71581373}.Release|Any CPU.Build.0 = Release|Any CPU
		{F9EA0D47-15D2-4D6D-9836-4D00801B7490}.Debug|Any CPU.ActiveCfg = Debug|Any CPU
		{F9EA0D47-15D2-4D6D-9836-4D00801B7490}.Debug|Any CPU.Build.0 = Debug|Any CPU
		{F9EA0D47-15D2-4D6D-9836-4D00801B7490}.Release|Any CPU.ActiveCfg = Release|Any CPU
		{F9EA0D47-15D2-4D6D-9836-4D00801B7490}.Release|Any CPU.Build.0 = Release|Any CPU
	EndGlobalSection
	GlobalSection(SolutionProperties) = preSolution
		HideSolutionNode = FALSE
	EndGlobalSection
	GlobalSection(ExtensibilityGlobals) = postSolution
		SolutionGuid = {6E86F18F-BD01-4E41-AFB7-9170BA8810E1}
	EndGlobalSection
EndGlobal
